
Microsoft Visual Studio Solution File, Format Version 12.00
# Visual Studio Version 17
VisualStudioVersion = 17.8.34330.188
MinimumVisualStudioVersion = 10.0.40219.1
Project("{FAE04EC0-301F-11D3-BF4B-00C04F79EFBC}") = "Consumindo_WebAPI2_Produtos", "Consumindo_WebAPI2_Produtos\Consumindo_WebAPI2_Produtos.csproj", "{EE1E2477-4AC7-4B7B-9756-3177F95BC67E}"
EndProject
Global
	GlobalSection(SolutionConfigurationPlatforms) = preSolution
		Debug|Any CPU = Debug|Any CPU
		Release|Any CPU = Release|Any CPU
	EndGlobalSection
	GlobalSection(ProjectConfigurationPlatforms) = postSolution
		{EE1E2477-4AC7-4B7B-9756-3177F95BC67E}.Debug|Any CPU.ActiveCfg = Debug|Any CPU
		{EE1E2477-4AC7-4B7B-9756-3177F95BC67E}.Debug|Any CPU.Build.0 = Debug|Any CPU
		{EE1E2477-4AC7-4B7B-9756-3177F95BC67E}.Release|Any CPU.ActiveCfg = Release|Any CPU
		{EE1E2477-4AC7-4B7B-9756-3177F95BC67E}.Release|Any CPU.Build.0 = Release|Any CPU
	EndGlobalSection
	GlobalSection(SolutionProperties) = preSolution
		HideSolutionNode = FALSE
	EndGlobalSection
	GlobalSection(ExtensibilityGlobals) = postSolution
		SolutionGuid = {6F704CB0-EE7E-4FF6-AE8C-B4A478847645}
	EndGlobalSection
EndGlobal
